
Microsoft Visual Studio Solution File, Format Version 12.00
# Visual Studio 15
VisualStudioVersion = 15.0.28307.421
MinimumVisualStudioVersion = 10.0.40219.1
Project("{9A19103F-16F7-4668-BE54-9A1E7A4F7556}") = "WifiCentenelApiPortal", "WifiCentenelApiPortal\WifiCentenelApiPortal.csproj", "{9BE61AFA-CE83-4752-9843-847BBA657C4B}"
EndProject
Project("{9A19103F-16F7-4668-BE54-9A1E7A4F7556}") = "Api", "..\UniFiApi\Api\Api.csproj", "{AF2935A3-9F5C-428D-826F-5943BED9DF44}"
EndProject
Global
	GlobalSection(SolutionConfigurationPlatforms) = preSolution
		Debug|Any CPU = Debug|Any CPU
		Release|Any CPU = Release|Any CPU
	EndGlobalSection
	GlobalSection(ProjectConfigurationPlatforms) = postSolution
		{9BE61AFA-CE83-4752-9843-847BBA657C4B}.Debug|Any CPU.ActiveCfg = Debug|Any CPU
		{9BE61AFA-CE83-4752-9843-847BBA657C4B}.Debug|Any CPU.Build.0 = Debug|Any CPU
		{9BE61AFA-CE83-4752-9843-847BBA657C4B}.Release|Any CPU.ActiveCfg = Release|Any CPU
		{9BE61AFA-CE83-4752-9843-847BBA657C4B}.Release|Any CPU.Build.0 = Release|Any CPU
		{AF2935A3-9F5C-428D-826F-5943BED9DF44}.Debug|Any CPU.ActiveCfg = Debug|Any CPU
		{AF2935A3-9F5C-428D-826F-5943BED9DF44}.Debug|Any CPU.Build.0 = Debug|Any CPU
		{AF2935A3-9F5C-428D-826F-5943BED9DF44}.Release|Any CPU.ActiveCfg = Release|Any CPU
		{AF2935A3-9F5C-428D-826F-5943BED9DF44}.Release|Any CPU.Build.0 = Release|Any CPU
	EndGlobalSection
	GlobalSection(SolutionProperties) = preSolution
		HideSolutionNode = FALSE
	EndGlobalSection
	GlobalSection(ExtensibilityGlobals) = postSolution
		SolutionGuid = {C4D6292C-51B1-44C3-8123-03ADF4D9F517}
	EndGlobalSection
EndGlobal
